
Microsoft Visual Studio Solution File, Format Version 12.00
# Visual Studio Version 17
VisualStudioVersion = 17.9.34723.18
MinimumVisualStudioVersion = 10.0.40219.1
Project("{2150E333-8FDC-42A3-9474-1A3956D46DE8}") = "BackgroundServices", "BackgroundServices", "{C7186BD7-6F44-4817-9E6C-7EA7E9A209A0}"
EndProject
Project("{FAE04EC0-301F-11D3-BF4B-00C04F79EFBC}") = "BackgroundApplication", "BackgroundApplication\BackgroundApplication.csproj", "{956AE4C4-9956-47CD-B4DA-4D2672C37041}"
EndProject
Global
	GlobalSection(SolutionConfigurationPlatforms) = preSolution
		Debug|Any CPU = Debug|Any CPU
		Release|Any CPU = Release|Any CPU
	EndGlobalSection
	GlobalSection(ProjectConfigurationPlatforms) = postSolution
		{956AE4C4-9956-47CD-B4DA-4D2672C37041}.Debug|Any CPU.ActiveCfg = Debug|Any CPU
		{956AE4C4-9956-47CD-B4DA-4D2672C37041}.Debug|Any CPU.Build.0 = Debug|Any CPU
		{956AE4C4-9956-47CD-B4DA-4D2672C37041}.Release|Any CPU.ActiveCfg = Release|Any CPU
		{956AE4C4-9956-47CD-B4DA-4D2672C37041}.Release|Any CPU.Build.0 = Release|Any CPU
	EndGlobalSection
	GlobalSection(SolutionProperties) = preSolution
		HideSolutionNode = FALSE
	EndGlobalSection
	GlobalSection(NestedProjects) = preSolution
		{956AE4C4-9956-47CD-B4DA-4D2672C37041} = {C7186BD7-6F44-4817-9E6C-7EA7E9A209A0}
	EndGlobalSection
	GlobalSection(ExtensibilityGlobals) = postSolution
		SolutionGuid = {D9C132D5-5122-4CF1-84B0-E87BADB9F52E}
	EndGlobalSection
EndGlobal
