
Microsoft Visual Studio Solution File, Format Version 12.00
# Visual Studio Version 17
VisualStudioVersion = 17.9.34723.18
MinimumVisualStudioVersion = 10.0.40219.1
Project("{2150E333-8FDC-42A3-9474-1A3956D46DE8}") = "BackgroundServices", "BackgroundServices", "{C7186BD7-6F44-4817-9E6C-7EA7E9A209A0}"
EndProject
Project("{9A19103F-16F7-4668-BE54-9A1E7A4F7556}") = "BackgroundApplication", "BackgroundApplication\BackgroundApplication.csproj", "{956AE4C4-9956-47CD-B4DA-4D2672C37041}"
EndProject
Project("{2150E333-8FDC-42A3-9474-1A3956D46DE8}") = "MessageQueue", "MessageQueue", "{C8D1D584-0931-48A7-AE24-60B27176E94A}"
EndProject
Project("{2150E333-8FDC-42A3-9474-1A3956D46DE8}") = "RabbitMq", "RabbitMq", "{76F3BDA0-DE23-43C7-9668-73C1DB8E1E03}"
EndProject
Project("{9A19103F-16F7-4668-BE54-9A1E7A4F7556}") = "MessageQueue.RabbitMq", "MessageQueue\MessageQueue.RabbitMq\MessageQueue.RabbitMq.csproj", "{CF7D04B6-48CE-44EB-90DC-3197648FE684}"
EndProject
Project("{2150E333-8FDC-42A3-9474-1A3956D46DE8}") = "WebApplication", "WebApplication", "{D7EAC96D-9135-41BB-9B8A-89A8A18D64B5}"
EndProject
Project("{9A19103F-16F7-4668-BE54-9A1E7A4F7556}") = "IOTConcept.WebApi", "IOTConcept.WebApi\IOTConcept.WebApi.csproj", "{4C1A585C-9F0D-4484-A301-8548D1838D74}"
EndProject
Project("{9A19103F-16F7-4668-BE54-9A1E7A4F7556}") = "IOTConcept.Influxdb", "IOTConcept.Influxdb\IOTConcept.Influxdb.csproj", "{1BFADB07-E5FF-497C-A885-C63D2CACFF4E}"
EndProject
Project("{9A19103F-16F7-4668-BE54-9A1E7A4F7556}") = "IOTConcept.MediatR", "IOTConcept.MediatR\IOTConcept.MediatR.csproj", "{7FA99E74-EAD5-4E35-A5B1-1127D70BCC4E}"
EndProject
Project("{2150E333-8FDC-42A3-9474-1A3956D46DE8}") = "DataSync", "DataSync", "{70229946-860E-4B9B-BBBD-12C5259DCCAF}"
EndProject
Project("{9A19103F-16F7-4668-BE54-9A1E7A4F7556}") = "DataSync.DBChangeEmitter", "DataSync\DataSync.DBChangeEmitter\DataSync.DBChangeEmitter.csproj", "{14ED3938-4BB0-444C-AA86-AAF183B4CEFD}"
EndProject
Project("{9A19103F-16F7-4668-BE54-9A1E7A4F7556}") = "DataSync.Common", "DataSync\DataSync.Common\DataSync.Common.csproj", "{75BD115E-BAE3-43E3-B87B-ED50D836B936}"
EndProject
Project("{FAE04EC0-301F-11D3-BF4B-00C04F79EFBC}") = "DataSync.DbChangeReceiver", "DataSync\DataSync.DbChangeReceiver\DataSync.DbChangeReceiver.csproj", "{259108C4-93CA-4A2D-B324-8CCD66BC4151}"
EndProject
Project("{FAE04EC0-301F-11D3-BF4B-00C04F79EFBC}") = "DataSync.DBChangeEmitterApp", "DataSync\DataSync.DBChangeEmitterApp\DataSync.DBChangeEmitterApp.csproj", "{14AA4A92-0FD8-4BA3-A900-447E6329B8F1}"
EndProject
Project("{FAE04EC0-301F-11D3-BF4B-00C04F79EFBC}") = "DataSync.DbChangeReceiverApp", "DataSync\DataSync.DbChangeReceiverApp\DataSync.DbChangeReceiverApp.csproj", "{4E0A94E9-1A36-4D06-90CF-B5A2FF08D9FF}"
EndProject
Global
	GlobalSection(SolutionConfigurationPlatforms) = preSolution
		Debug|Any CPU = Debug|Any CPU
		Release|Any CPU = Release|Any CPU
	EndGlobalSection
	GlobalSection(ProjectConfigurationPlatforms) = postSolution
		{956AE4C4-9956-47CD-B4DA-4D2672C37041}.Debug|Any CPU.ActiveCfg = Debug|Any CPU
		{956AE4C4-9956-47CD-B4DA-4D2672C37041}.Debug|Any CPU.Build.0 = Debug|Any CPU
		{956AE4C4-9956-47CD-B4DA-4D2672C37041}.Release|Any CPU.ActiveCfg = Release|Any CPU
		{956AE4C4-9956-47CD-B4DA-4D2672C37041}.Release|Any CPU.Build.0 = Release|Any CPU
		{CF7D04B6-48CE-44EB-90DC-3197648FE684}.Debug|Any CPU.ActiveCfg = Debug|Any CPU
		{CF7D04B6-48CE-44EB-90DC-3197648FE684}.Debug|Any CPU.Build.0 = Debug|Any CPU
		{CF7D04B6-48CE-44EB-90DC-3197648FE684}.Release|Any CPU.ActiveCfg = Release|Any CPU
		{CF7D04B6-48CE-44EB-90DC-3197648FE684}.Release|Any CPU.Build.0 = Release|Any CPU
		{4C1A585C-9F0D-4484-A301-8548D1838D74}.Debug|Any CPU.ActiveCfg = Debug|Any CPU
		{4C1A585C-9F0D-4484-A301-8548D1838D74}.Debug|Any CPU.Build.0 = Debug|Any CPU
		{4C1A585C-9F0D-4484-A301-8548D1838D74}.Release|Any CPU.ActiveCfg = Release|Any CPU
		{4C1A585C-9F0D-4484-A301-8548D1838D74}.Release|Any CPU.Build.0 = Release|Any CPU
		{1BFADB07-E5FF-497C-A885-C63D2CACFF4E}.Debug|Any CPU.ActiveCfg = Debug|Any CPU
		{1BFADB07-E5FF-497C-A885-C63D2CACFF4E}.Debug|Any CPU.Build.0 = Debug|Any CPU
		{1BFADB07-E5FF-497C-A885-C63D2CACFF4E}.Release|Any CPU.ActiveCfg = Release|Any CPU
		{1BFADB07-E5FF-497C-A885-C63D2CACFF4E}.Release|Any CPU.Build.0 = Release|Any CPU
		{7FA99E74-EAD5-4E35-A5B1-1127D70BCC4E}.Debug|Any CPU.ActiveCfg = Debug|Any CPU
		{7FA99E74-EAD5-4E35-A5B1-1127D70BCC4E}.Debug|Any CPU.Build.0 = Debug|Any CPU
		{7FA99E74-EAD5-4E35-A5B1-1127D70BCC4E}.Release|Any CPU.ActiveCfg = Release|Any CPU
		{7FA99E74-EAD5-4E35-A5B1-1127D70BCC4E}.Release|Any CPU.Build.0 = Release|Any CPU
		{14ED3938-4BB0-444C-AA86-AAF183B4CEFD}.Debug|Any CPU.ActiveCfg = Debug|Any CPU
		{14ED3938-4BB0-444C-AA86-AAF183B4CEFD}.Debug|Any CPU.Build.0 = Debug|Any CPU
		{14ED3938-4BB0-444C-AA86-AAF183B4CEFD}.Release|Any CPU.ActiveCfg = Release|Any CPU
		{14ED3938-4BB0-444C-AA86-AAF183B4CEFD}.Release|Any CPU.Build.0 = Release|Any CPU
		{75BD115E-BAE3-43E3-B87B-ED50D836B936}.Debug|Any CPU.ActiveCfg = Debug|Any CPU
		{75BD115E-BAE3-43E3-B87B-ED50D836B936}.Debug|Any CPU.Build.0 = Debug|Any CPU
		{75BD115E-BAE3-43E3-B87B-ED50D836B936}.Release|Any CPU.ActiveCfg = Release|Any CPU
		{75BD115E-BAE3-43E3-B87B-ED50D836B936}.Release|Any CPU.Build.0 = Release|Any CPU
		{259108C4-93CA-4A2D-B324-8CCD66BC4151}.Debug|Any CPU.ActiveCfg = Debug|Any CPU
		{259108C4-93CA-4A2D-B324-8CCD66BC4151}.Debug|Any CPU.Build.0 = Debug|Any CPU
		{259108C4-93CA-4A2D-B324-8CCD66BC4151}.Release|Any CPU.ActiveCfg = Release|Any CPU
		{259108C4-93CA-4A2D-B324-8CCD66BC4151}.Release|Any CPU.Build.0 = Release|Any CPU
		{14AA4A92-0FD8-4BA3-A900-447E6329B8F1}.Debug|Any CPU.ActiveCfg = Debug|Any CPU
		{14AA4A92-0FD8-4BA3-A900-447E6329B8F1}.Debug|Any CPU.Build.0 = Debug|Any CPU
		{14AA4A92-0FD8-4BA3-A900-447E6329B8F1}.Release|Any CPU.ActiveCfg = Release|Any CPU
		{14AA4A92-0FD8-4BA3-A900-447E6329B8F1}.Release|Any CPU.Build.0 = Release|Any CPU
		{4E0A94E9-1A36-4D06-90CF-B5A2FF08D9FF}.Debug|Any CPU.ActiveCfg = Debug|Any CPU
		{4E0A94E9-1A36-4D06-90CF-B5A2FF08D9FF}.Debug|Any CPU.Build.0 = Debug|Any CPU
		{4E0A94E9-1A36-4D06-90CF-B5A2FF08D9FF}.Release|Any CPU.ActiveCfg = Release|Any CPU
		{4E0A94E9-1A36-4D06-90CF-B5A2FF08D9FF}.Release|Any CPU.Build.0 = Release|Any CPU
	EndGlobalSection
	GlobalSection(SolutionProperties) = preSolution
		HideSolutionNode = FALSE
	EndGlobalSection
	GlobalSection(NestedProjects) = preSolution
		{956AE4C4-9956-47CD-B4DA-4D2672C37041} = {C7186BD7-6F44-4817-9E6C-7EA7E9A209A0}
		{76F3BDA0-DE23-43C7-9668-73C1DB8E1E03} = {C8D1D584-0931-48A7-AE24-60B27176E94A}
		{CF7D04B6-48CE-44EB-90DC-3197648FE684} = {76F3BDA0-DE23-43C7-9668-73C1DB8E1E03}
		{4C1A585C-9F0D-4484-A301-8548D1838D74} = {D7EAC96D-9135-41BB-9B8A-89A8A18D64B5}
		{14ED3938-4BB0-444C-AA86-AAF183B4CEFD} = {70229946-860E-4B9B-BBBD-12C5259DCCAF}
		{75BD115E-BAE3-43E3-B87B-ED50D836B936} = {70229946-860E-4B9B-BBBD-12C5259DCCAF}
		{259108C4-93CA-4A2D-B324-8CCD66BC4151} = {70229946-860E-4B9B-BBBD-12C5259DCCAF}
		{14AA4A92-0FD8-4BA3-A900-447E6329B8F1} = {70229946-860E-4B9B-BBBD-12C5259DCCAF}
		{4E0A94E9-1A36-4D06-90CF-B5A2FF08D9FF} = {70229946-860E-4B9B-BBBD-12C5259DCCAF}
	EndGlobalSection
	GlobalSection(ExtensibilityGlobals) = postSolution
		SolutionGuid = {D9C132D5-5122-4CF1-84B0-E87BADB9F52E}
	EndGlobalSection
EndGlobal
