
Microsoft Visual Studio Solution File, Format Version 12.00
# Visual Studio Version 17
VisualStudioVersion = 17.7.34031.279
MinimumVisualStudioVersion = 10.0.40219.1
Project("{2150E333-8FDC-42A3-9474-1A3956D46DE8}") = "Web", "Web", "{6A3FB53E-A905-4165-8CAC-ABBE21C643B4}"
EndProject
Project("{FAE04EC0-301F-11D3-BF4B-00C04F79EFBC}") = "WebApi", "WebApi\WebApi.csproj", "{7DBD7E04-5D06-4E9A-B413-99867DE2F1E0}"
EndProject
Global
	GlobalSection(SolutionConfigurationPlatforms) = preSolution
		Debug|Any CPU = Debug|Any CPU
		Release|Any CPU = Release|Any CPU
	EndGlobalSection
	GlobalSection(ProjectConfigurationPlatforms) = postSolution
		{7DBD7E04-5D06-4E9A-B413-99867DE2F1E0}.Debug|Any CPU.ActiveCfg = Debug|Any CPU
		{7DBD7E04-5D06-4E9A-B413-99867DE2F1E0}.Debug|Any CPU.Build.0 = Debug|Any CPU
		{7DBD7E04-5D06-4E9A-B413-99867DE2F1E0}.Release|Any CPU.ActiveCfg = Release|Any CPU
		{7DBD7E04-5D06-4E9A-B413-99867DE2F1E0}.Release|Any CPU.Build.0 = Release|Any CPU
	EndGlobalSection
	GlobalSection(SolutionProperties) = preSolution
		HideSolutionNode = FALSE
	EndGlobalSection
	GlobalSection(NestedProjects) = preSolution
		{7DBD7E04-5D06-4E9A-B413-99867DE2F1E0} = {6A3FB53E-A905-4165-8CAC-ABBE21C643B4}
	EndGlobalSection
	GlobalSection(ExtensibilityGlobals) = postSolution
		SolutionGuid = {980EACD2-F298-4BB6-8DC2-14CE1187888D}
	EndGlobalSection
EndGlobal
