
Microsoft Visual Studio Solution File, Format Version 12.00
# Visual Studio Version 17
VisualStudioVersion = 17.7.34031.279
MinimumVisualStudioVersion = 10.0.40219.1
Project("{2150E333-8FDC-42A3-9474-1A3956D46DE8}") = "WebApplication", "WebApplication", "{7E2EA53B-7DBA-46CE-B85C-9D048D39E5B0}"
EndProject
Project("{9A19103F-16F7-4668-BE54-9A1E7A4F7556}") = "Dkeshri.WebApi", "Dkeshri.WebApi\Dkeshri.WebApi.csproj", "{3929C7F4-D7C7-4531-B989-209C03A96F19}"
EndProject
Project("{2150E333-8FDC-42A3-9474-1A3956D46DE8}") = "SystemDesign", "SystemDesign", "{30EDD73B-31D8-4BCA-8D63-4C0ACFB5B997}"
EndProject
Project("{2150E333-8FDC-42A3-9474-1A3956D46DE8}") = "LowLevel", "LowLevel", "{F0F867EE-EC33-44A2-9880-4856490C8453}"
EndProject
Project("{9A19103F-16F7-4668-BE54-9A1E7A4F7556}") = "Dkeshri.SystemDesign.LowLevel", "SystemDesign\Dkeshri.SystemDesign.LowLevel\Dkeshri.SystemDesign.LowLevel.csproj", "{26E4C105-3647-4799-BDE6-C3DFEAB990EE}"
EndProject
Project("{9A19103F-16F7-4668-BE54-9A1E7A4F7556}") = "ExecuterApp", "SystemDesign\ExecuterApp\ExecuterApp.csproj", "{A26BAB04-3C4F-4E16-AC25-6CFF1A34CDF3}"
EndProject
Global
	GlobalSection(SolutionConfigurationPlatforms) = preSolution
		Debug|Any CPU = Debug|Any CPU
		Release|Any CPU = Release|Any CPU
	EndGlobalSection
	GlobalSection(ProjectConfigurationPlatforms) = postSolution
		{3929C7F4-D7C7-4531-B989-209C03A96F19}.Debug|Any CPU.ActiveCfg = Debug|Any CPU
		{3929C7F4-D7C7-4531-B989-209C03A96F19}.Debug|Any CPU.Build.0 = Debug|Any CPU
		{3929C7F4-D7C7-4531-B989-209C03A96F19}.Release|Any CPU.ActiveCfg = Release|Any CPU
		{3929C7F4-D7C7-4531-B989-209C03A96F19}.Release|Any CPU.Build.0 = Release|Any CPU
		{26E4C105-3647-4799-BDE6-C3DFEAB990EE}.Debug|Any CPU.ActiveCfg = Debug|Any CPU
		{26E4C105-3647-4799-BDE6-C3DFEAB990EE}.Debug|Any CPU.Build.0 = Debug|Any CPU
		{26E4C105-3647-4799-BDE6-C3DFEAB990EE}.Release|Any CPU.ActiveCfg = Release|Any CPU
		{26E4C105-3647-4799-BDE6-C3DFEAB990EE}.Release|Any CPU.Build.0 = Release|Any CPU
		{A26BAB04-3C4F-4E16-AC25-6CFF1A34CDF3}.Debug|Any CPU.ActiveCfg = Debug|Any CPU
		{A26BAB04-3C4F-4E16-AC25-6CFF1A34CDF3}.Debug|Any CPU.Build.0 = Debug|Any CPU
		{A26BAB04-3C4F-4E16-AC25-6CFF1A34CDF3}.Release|Any CPU.ActiveCfg = Release|Any CPU
		{A26BAB04-3C4F-4E16-AC25-6CFF1A34CDF3}.Release|Any CPU.Build.0 = Release|Any CPU
	EndGlobalSection
	GlobalSection(SolutionProperties) = preSolution
		HideSolutionNode = FALSE
	EndGlobalSection
	GlobalSection(NestedProjects) = preSolution
		{3929C7F4-D7C7-4531-B989-209C03A96F19} = {7E2EA53B-7DBA-46CE-B85C-9D048D39E5B0}
		{F0F867EE-EC33-44A2-9880-4856490C8453} = {30EDD73B-31D8-4BCA-8D63-4C0ACFB5B997}
		{26E4C105-3647-4799-BDE6-C3DFEAB990EE} = {F0F867EE-EC33-44A2-9880-4856490C8453}
		{A26BAB04-3C4F-4E16-AC25-6CFF1A34CDF3} = {30EDD73B-31D8-4BCA-8D63-4C0ACFB5B997}
	EndGlobalSection
	GlobalSection(ExtensibilityGlobals) = postSolution
		SolutionGuid = {980EACD2-F298-4BB6-8DC2-14CE1187888D}
	EndGlobalSection
EndGlobal
