
Microsoft Visual Studio Solution File, Format Version 12.00
# Visual Studio Version 17
VisualStudioVersion = 17.12.35527.113 d17.12
MinimumVisualStudioVersion = 10.0.40219.1
Project("{FAE04EC0-301F-11D3-BF4B-00C04F79EFBC}") = "Dkeshri.HttpTrigger.AzureFunction", "Dkeshri.HttpTrigger.AzureFunction\Dkeshri.HttpTrigger.AzureFunction.csproj", "{33CC1006-D1EF-473C-ABC2-EE7C8F5276A6}"
EndProject
Global
	GlobalSection(SolutionConfigurationPlatforms) = preSolution
		Debug|Any CPU = Debug|Any CPU
		Release|Any CPU = Release|Any CPU
	EndGlobalSection
	GlobalSection(ProjectConfigurationPlatforms) = postSolution
		{33CC1006-D1EF-473C-ABC2-EE7C8F5276A6}.Debug|Any CPU.ActiveCfg = Debug|Any CPU
		{33CC1006-D1EF-473C-ABC2-EE7C8F5276A6}.Debug|Any CPU.Build.0 = Debug|Any CPU
		{33CC1006-D1EF-473C-ABC2-EE7C8F5276A6}.Release|Any CPU.ActiveCfg = Release|Any CPU
		{33CC1006-D1EF-473C-ABC2-EE7C8F5276A6}.Release|Any CPU.Build.0 = Release|Any CPU
	EndGlobalSection
	GlobalSection(SolutionProperties) = preSolution
		HideSolutionNode = FALSE
	EndGlobalSection
EndGlobal
