
Microsoft Visual Studio Solution File, Format Version 12.00
# Visual Studio Version 17
VisualStudioVersion = 17.12.35527.113
MinimumVisualStudioVersion = 10.0.40219.1
Project("{FAE04EC0-301F-11D3-BF4B-00C04F79EFBC}") = "Contract", "Contract\Contract.csproj", "{D906DCAB-A722-49DD-A424-644A91C72788}"
EndProject
Project("{FAE04EC0-301F-11D3-BF4B-00C04F79EFBC}") = "Orchestrator", "Orchestrator\Orchestrator.csproj", "{8D6EC664-4F2D-4EA8-8C39-5B69F8895C07}"
EndProject
Project("{FAE04EC0-301F-11D3-BF4B-00C04F79EFBC}") = "InventeryService", "InventeryService\InventeryService.csproj", "{F1A1E56E-CEAD-4BB2-8DCC-8524527FA953}"
EndProject
Project("{FAE04EC0-301F-11D3-BF4B-00C04F79EFBC}") = "PaymentService", "PaymentService\PaymentService.csproj", "{D1FB7CD7-5A15-40BF-8537-D3F3151F21F4}"
EndProject
Project("{FAE04EC0-301F-11D3-BF4B-00C04F79EFBC}") = "OrderService", "OrderService\OrderService.csproj", "{755DAD8B-8F81-4BA6-9123-C2E0467F1707}"
EndProject
Global
	GlobalSection(SolutionConfigurationPlatforms) = preSolution
		Debug|Any CPU = Debug|Any CPU
		Release|Any CPU = Release|Any CPU
	EndGlobalSection
	GlobalSection(ProjectConfigurationPlatforms) = postSolution
		{D906DCAB-A722-49DD-A424-644A91C72788}.Debug|Any CPU.ActiveCfg = Debug|Any CPU
		{D906DCAB-A722-49DD-A424-644A91C72788}.Debug|Any CPU.Build.0 = Debug|Any CPU
		{D906DCAB-A722-49DD-A424-644A91C72788}.Release|Any CPU.ActiveCfg = Release|Any CPU
		{D906DCAB-A722-49DD-A424-644A91C72788}.Release|Any CPU.Build.0 = Release|Any CPU
		{8D6EC664-4F2D-4EA8-8C39-5B69F8895C07}.Debug|Any CPU.ActiveCfg = Debug|Any CPU
		{8D6EC664-4F2D-4EA8-8C39-5B69F8895C07}.Debug|Any CPU.Build.0 = Debug|Any CPU
		{8D6EC664-4F2D-4EA8-8C39-5B69F8895C07}.Release|Any CPU.ActiveCfg = Release|Any CPU
		{8D6EC664-4F2D-4EA8-8C39-5B69F8895C07}.Release|Any CPU.Build.0 = Release|Any CPU
		{F1A1E56E-CEAD-4BB2-8DCC-8524527FA953}.Debug|Any CPU.ActiveCfg = Debug|Any CPU
		{F1A1E56E-CEAD-4BB2-8DCC-8524527FA953}.Debug|Any CPU.Build.0 = Debug|Any CPU
		{F1A1E56E-CEAD-4BB2-8DCC-8524527FA953}.Release|Any CPU.ActiveCfg = Release|Any CPU
		{F1A1E56E-CEAD-4BB2-8DCC-8524527FA953}.Release|Any CPU.Build.0 = Release|Any CPU
		{D1FB7CD7-5A15-40BF-8537-D3F3151F21F4}.Debug|Any CPU.ActiveCfg = Debug|Any CPU
		{D1FB7CD7-5A15-40BF-8537-D3F3151F21F4}.Debug|Any CPU.Build.0 = Debug|Any CPU
		{D1FB7CD7-5A15-40BF-8537-D3F3151F21F4}.Release|Any CPU.ActiveCfg = Release|Any CPU
		{D1FB7CD7-5A15-40BF-8537-D3F3151F21F4}.Release|Any CPU.Build.0 = Release|Any CPU
		{755DAD8B-8F81-4BA6-9123-C2E0467F1707}.Debug|Any CPU.ActiveCfg = Debug|Any CPU
		{755DAD8B-8F81-4BA6-9123-C2E0467F1707}.Debug|Any CPU.Build.0 = Debug|Any CPU
		{755DAD8B-8F81-4BA6-9123-C2E0467F1707}.Release|Any CPU.ActiveCfg = Release|Any CPU
		{755DAD8B-8F81-4BA6-9123-C2E0467F1707}.Release|Any CPU.Build.0 = Release|Any CPU
	EndGlobalSection
	GlobalSection(SolutionProperties) = preSolution
		HideSolutionNode = FALSE
	EndGlobalSection
EndGlobal
